
Microsoft Visual Studio Solution File, Format Version 12.00
# Visual Studio Version 17
VisualStudioVersion = 17.0.31903.59
MinimumVisualStudioVersion = 10.0.40219.1
Project("{FAE04EC0-301F-11D3-BF4B-00C04F79EFBC}") = "Manual de Estudo .NET", "ExemploFundamentos\Manual de Estudo .NET.csproj", "{D651C434-A0B3-4EEF-9438-34ADECFF179F}"
EndProject
Project("{FAE04EC0-301F-11D3-BF4B-00C04F79EFBC}") = "ExemploFundamentos.Common", "ExemploFundamentos.Common\ExemploFundamentos.Common.csproj", "{5F9C5C4F-CAD8-45EF-9B4B-017A06DCEC29}"
EndProject
Project("{FAE04EC0-301F-11D3-BF4B-00C04F79EFBC}") = "ArrayeListas", "ArrayeListas_Exemplos\ArrayeListas.csproj", "{2EC7752C-1469-4532-8156-E245B43900F8}"
EndProject
Global
	GlobalSection(SolutionConfigurationPlatforms) = preSolution
		Debug|Any CPU = Debug|Any CPU
		Debug|x64 = Debug|x64
		Debug|x86 = Debug|x86
		Release|Any CPU = Release|Any CPU
		Release|x64 = Release|x64
		Release|x86 = Release|x86
	EndGlobalSection
	GlobalSection(ProjectConfigurationPlatforms) = postSolution
		{D651C434-A0B3-4EEF-9438-34ADECFF179F}.Debug|Any CPU.ActiveCfg = Debug|Any CPU
		{D651C434-A0B3-4EEF-9438-34ADECFF179F}.Debug|Any CPU.Build.0 = Debug|Any CPU
		{D651C434-A0B3-4EEF-9438-34ADECFF179F}.Debug|x64.ActiveCfg = Debug|Any CPU
		{D651C434-A0B3-4EEF-9438-34ADECFF179F}.Debug|x64.Build.0 = Debug|Any CPU
		{D651C434-A0B3-4EEF-9438-34ADECFF179F}.Debug|x86.ActiveCfg = Debug|Any CPU
		{D651C434-A0B3-4EEF-9438-34ADECFF179F}.Debug|x86.Build.0 = Debug|Any CPU
		{D651C434-A0B3-4EEF-9438-34ADECFF179F}.Release|Any CPU.ActiveCfg = Release|Any CPU
		{D651C434-A0B3-4EEF-9438-34ADECFF179F}.Release|Any CPU.Build.0 = Release|Any CPU
		{D651C434-A0B3-4EEF-9438-34ADECFF179F}.Release|x64.ActiveCfg = Release|Any CPU
		{D651C434-A0B3-4EEF-9438-34ADECFF179F}.Release|x64.Build.0 = Release|Any CPU
		{D651C434-A0B3-4EEF-9438-34ADECFF179F}.Release|x86.ActiveCfg = Release|Any CPU
		{D651C434-A0B3-4EEF-9438-34ADECFF179F}.Release|x86.Build.0 = Release|Any CPU
		{5F9C5C4F-CAD8-45EF-9B4B-017A06DCEC29}.Debug|Any CPU.ActiveCfg = Debug|Any CPU
		{5F9C5C4F-CAD8-45EF-9B4B-017A06DCEC29}.Debug|Any CPU.Build.0 = Debug|Any CPU
		{5F9C5C4F-CAD8-45EF-9B4B-017A06DCEC29}.Debug|x64.ActiveCfg = Debug|Any CPU
		{5F9C5C4F-CAD8-45EF-9B4B-017A06DCEC29}.Debug|x64.Build.0 = Debug|Any CPU
		{5F9C5C4F-CAD8-45EF-9B4B-017A06DCEC29}.Debug|x86.ActiveCfg = Debug|Any CPU
		{5F9C5C4F-CAD8-45EF-9B4B-017A06DCEC29}.Debug|x86.Build.0 = Debug|Any CPU
		{5F9C5C4F-CAD8-45EF-9B4B-017A06DCEC29}.Release|Any CPU.ActiveCfg = Release|Any CPU
		{5F9C5C4F-CAD8-45EF-9B4B-017A06DCEC29}.Release|Any CPU.Build.0 = Release|Any CPU
		{5F9C5C4F-CAD8-45EF-9B4B-017A06DCEC29}.Release|x64.ActiveCfg = Release|Any CPU
		{5F9C5C4F-CAD8-45EF-9B4B-017A06DCEC29}.Release|x64.Build.0 = Release|Any CPU
		{5F9C5C4F-CAD8-45EF-9B4B-017A06DCEC29}.Release|x86.ActiveCfg = Release|Any CPU
		{5F9C5C4F-CAD8-45EF-9B4B-017A06DCEC29}.Release|x86.Build.0 = Release|Any CPU
		{2EC7752C-1469-4532-8156-E245B43900F8}.Debug|Any CPU.ActiveCfg = Debug|Any CPU
		{2EC7752C-1469-4532-8156-E245B43900F8}.Debug|Any CPU.Build.0 = Debug|Any CPU
		{2EC7752C-1469-4532-8156-E245B43900F8}.Debug|x64.ActiveCfg = Debug|Any CPU
		{2EC7752C-1469-4532-8156-E245B43900F8}.Debug|x64.Build.0 = Debug|Any CPU
		{2EC7752C-1469-4532-8156-E245B43900F8}.Debug|x86.ActiveCfg = Debug|Any CPU
		{2EC7752C-1469-4532-8156-E245B43900F8}.Debug|x86.Build.0 = Debug|Any CPU
		{2EC7752C-1469-4532-8156-E245B43900F8}.Release|Any CPU.ActiveCfg = Release|Any CPU
		{2EC7752C-1469-4532-8156-E245B43900F8}.Release|Any CPU.Build.0 = Release|Any CPU
		{2EC7752C-1469-4532-8156-E245B43900F8}.Release|x64.ActiveCfg = Release|Any CPU
		{2EC7752C-1469-4532-8156-E245B43900F8}.Release|x64.Build.0 = Release|Any CPU
		{2EC7752C-1469-4532-8156-E245B43900F8}.Release|x86.ActiveCfg = Release|Any CPU
		{2EC7752C-1469-4532-8156-E245B43900F8}.Release|x86.Build.0 = Release|Any CPU
	EndGlobalSection
	GlobalSection(SolutionProperties) = preSolution
		HideSolutionNode = FALSE
	EndGlobalSection
EndGlobal
